// !$*UTF8*$!
{
	archiveVersion = 1;
	classes = {
	};
	objectVersion = 56;
	objects = {

/* Begin PBXBuildFile section */
		9769E4C32C4C79600079D6D8 /* MyPokedexApp.swift in Sources */ = {isa = PBXBuildFile; fileRef = 9769E4C22C4C79600079D6D8 /* MyPokedexApp.swift */; };
		9769E4C52C4C79600079D6D8 /* ContentView.swift in Sources */ = {isa = PBXBuildFile; fileRef = 9769E4C42C4C79600079D6D8 /* ContentView.swift */; };
		9769E4C72C4C79620079D6D8 /* Assets.xcassets in Resources */ = {isa = PBXBuildFile; fileRef = 9769E4C62C4C79620079D6D8 /* Assets.xcassets */; };
		9769E4CA2C4C79620079D6D8 /* Preview Assets.xcassets in Resources */ = {isa = PBXBuildFile; fileRef = 9769E4C92C4C79620079D6D8 /* Preview Assets.xcassets */; };
		9769E4D42C4C79620079D6D8 /* MyPokedexTests.swift in Sources */ = {isa = PBXBuildFile; fileRef = 9769E4D32C4C79620079D6D8 /* MyPokedexTests.swift */; };
		9769E4DE2C4C79620079D6D8 /* MyPokedexUITests.swift in Sources */ = {isa = PBXBuildFile; fileRef = 9769E4DD2C4C79620079D6D8 /* MyPokedexUITests.swift */; };
		9769E4E02C4C79620079D6D8 /* MyPokedexUITestsLaunchTests.swift in Sources */ = {isa = PBXBuildFile; fileRef = 9769E4DF2C4C79620079D6D8 /* MyPokedexUITestsLaunchTests.swift */; };
		9769E5442C4CB2300079D6D8 /* OnboardingView.swift in Sources */ = {isa = PBXBuildFile; fileRef = 9769E5432C4CB2300079D6D8 /* OnboardingView.swift */; };
		9769E55A2C4D5FFC0079D6D8 /* Poppins-Bold.ttf in Resources */ = {isa = PBXBuildFile; fileRef = 9769E5552C4D5FFC0079D6D8 /* Poppins-Bold.ttf */; };
		9769E55B2C4D5FFC0079D6D8 /* Poppins-Regular.ttf in Resources */ = {isa = PBXBuildFile; fileRef = 9769E5562C4D5FFC0079D6D8 /* Poppins-Regular.ttf */; };
		9769E55C2C4D5FFC0079D6D8 /* Poppins-Light.ttf in Resources */ = {isa = PBXBuildFile; fileRef = 9769E5572C4D5FFC0079D6D8 /* Poppins-Light.ttf */; };
		9769E55D2C4D5FFC0079D6D8 /* Poppins-SemiBold.ttf in Resources */ = {isa = PBXBuildFile; fileRef = 9769E5582C4D5FFC0079D6D8 /* Poppins-SemiBold.ttf */; };
		9769E55E2C4D5FFC0079D6D8 /* Poppins-Medium.ttf in Resources */ = {isa = PBXBuildFile; fileRef = 9769E5592C4D5FFC0079D6D8 /* Poppins-Medium.ttf */; };
		9769E5612C4D62550079D6D8 /* Colors.xcassets in Resources */ = {isa = PBXBuildFile; fileRef = 9769E5602C4D62550079D6D8 /* Colors.xcassets */; };
		9769E5632C4D74D10079D6D8 /* OnboardingViewModel.swift in Sources */ = {isa = PBXBuildFile; fileRef = 9769E5622C4D74D10079D6D8 /* OnboardingViewModel.swift */; };
		9769E5652C4D77620079D6D8 /* OnboardingStep.swift in Sources */ = {isa = PBXBuildFile; fileRef = 9769E5642C4D77620079D6D8 /* OnboardingStep.swift */; };
		9769E5682C4DA0420079D6D8 /* SplashView.swift in Sources */ = {isa = PBXBuildFile; fileRef = 9769E5672C4DA0420079D6D8 /* SplashView.swift */; };
		979125BD2C4F3CED00B9C9C1 /* HeaderView.swift in Sources */ = {isa = PBXBuildFile; fileRef = 979125BC2C4F3CED00B9C9C1 /* HeaderView.swift */; };
		97AFC4532C5036BA00FE8BC6 /* SignUpUsernameView.swift in Sources */ = {isa = PBXBuildFile; fileRef = 97AFC4522C5036BA00FE8BC6 /* SignUpUsernameView.swift */; };
		97D2D67A2C4FE8AA00D4DAAB /* SignUpEmailView.swift in Sources */ = {isa = PBXBuildFile; fileRef = 97D2D6792C4FE8AA00D4DAAB /* SignUpEmailView.swift */; };
		97D2D67C2C4FEAB100D4DAAB /* SignUpViewModel.swift in Sources */ = {isa = PBXBuildFile; fileRef = 97D2D67B2C4FEAB100D4DAAB /* SignUpViewModel.swift */; };
		97D2D67E2C501D5000D4DAAB /* SignUpPasswordView.swift in Sources */ = {isa = PBXBuildFile; fileRef = 97D2D67D2C501D5000D4DAAB /* SignUpPasswordView.swift */; };
		97EFA43D2C4E9C2800D0627B /* LoginAndSignUpView.swift in Sources */ = {isa = PBXBuildFile; fileRef = 97EFA43C2C4E9C2800D0627B /* LoginAndSignUpView.swift */; };
		97EFA43F2C4EA78200D0627B /* SignUpView.swift in Sources */ = {isa = PBXBuildFile; fileRef = 97EFA43E2C4EA78200D0627B /* SignUpView.swift */; };
/* End PBXBuildFile section */

/* Begin PBXContainerItemProxy section */
		9769E4D02C4C79620079D6D8 /* PBXContainerItemProxy */ = {
			isa = PBXContainerItemProxy;
			containerPortal = 9769E4B72C4C79600079D6D8 /* Project object */;
			proxyType = 1;
			remoteGlobalIDString = 9769E4BE2C4C79600079D6D8;
			remoteInfo = MyPokedex;
		};
		9769E4DA2C4C79620079D6D8 /* PBXContainerItemProxy */ = {
			isa = PBXContainerItemProxy;
			containerPortal = 9769E4B72C4C79600079D6D8 /* Project object */;
			proxyType = 1;
			remoteGlobalIDString = 9769E4BE2C4C79600079D6D8;
			remoteInfo = MyPokedex;
		};
/* End PBXContainerItemProxy section */

/* Begin PBXFileReference section */
		9769E4BF2C4C79600079D6D8 /* MyPokedex.app */ = {isa = PBXFileReference; explicitFileType = wrapper.application; includeInIndex = 0; path = MyPokedex.app; sourceTree = BUILT_PRODUCTS_DIR; };
		9769E4C22C4C79600079D6D8 /* MyPokedexApp.swift */ = {isa = PBXFileReference; lastKnownFileType = sourcecode.swift; path = MyPokedexApp.swift; sourceTree = "<group>"; };
		9769E4C42C4C79600079D6D8 /* ContentView.swift */ = {isa = PBXFileReference; lastKnownFileType = sourcecode.swift; path = ContentView.swift; sourceTree = "<group>"; };
		9769E4C62C4C79620079D6D8 /* Assets.xcassets */ = {isa = PBXFileReference; lastKnownFileType = folder.assetcatalog; path = Assets.xcassets; sourceTree = "<group>"; };
		9769E4C92C4C79620079D6D8 /* Preview Assets.xcassets */ = {isa = PBXFileReference; lastKnownFileType = folder.assetcatalog; path = "Preview Assets.xcassets"; sourceTree = "<group>"; };
		9769E4CF2C4C79620079D6D8 /* MyPokedexTests.xctest */ = {isa = PBXFileReference; explicitFileType = wrapper.cfbundle; includeInIndex = 0; path = MyPokedexTests.xctest; sourceTree = BUILT_PRODUCTS_DIR; };
		9769E4D32C4C79620079D6D8 /* MyPokedexTests.swift */ = {isa = PBXFileReference; lastKnownFileType = sourcecode.swift; path = MyPokedexTests.swift; sourceTree = "<group>"; };
		9769E4D92C4C79620079D6D8 /* MyPokedexUITests.xctest */ = {isa = PBXFileReference; explicitFileType = wrapper.cfbundle; includeInIndex = 0; path = MyPokedexUITests.xctest; sourceTree = BUILT_PRODUCTS_DIR; };
		9769E4DD2C4C79620079D6D8 /* MyPokedexUITests.swift */ = {isa = PBXFileReference; lastKnownFileType = sourcecode.swift; path = MyPokedexUITests.swift; sourceTree = "<group>"; };
		9769E4DF2C4C79620079D6D8 /* MyPokedexUITestsLaunchTests.swift */ = {isa = PBXFileReference; lastKnownFileType = sourcecode.swift; path = MyPokedexUITestsLaunchTests.swift; sourceTree = "<group>"; };
		9769E5432C4CB2300079D6D8 /* OnboardingView.swift */ = {isa = PBXFileReference; lastKnownFileType = sourcecode.swift; path = OnboardingView.swift; sourceTree = "<group>"; };
		9769E5552C4D5FFC0079D6D8 /* Poppins-Bold.ttf */ = {isa = PBXFileReference; lastKnownFileType = file; path = "Poppins-Bold.ttf"; sourceTree = "<group>"; };
		9769E5562C4D5FFC0079D6D8 /* Poppins-Regular.ttf */ = {isa = PBXFileReference; lastKnownFileType = file; path = "Poppins-Regular.ttf"; sourceTree = "<group>"; };
		9769E5572C4D5FFC0079D6D8 /* Poppins-Light.ttf */ = {isa = PBXFileReference; lastKnownFileType = file; path = "Poppins-Light.ttf"; sourceTree = "<group>"; };
		9769E5582C4D5FFC0079D6D8 /* Poppins-SemiBold.ttf */ = {isa = PBXFileReference; lastKnownFileType = file; path = "Poppins-SemiBold.ttf"; sourceTree = "<group>"; };
		9769E5592C4D5FFC0079D6D8 /* Poppins-Medium.ttf */ = {isa = PBXFileReference; lastKnownFileType = file; path = "Poppins-Medium.ttf"; sourceTree = "<group>"; };
		9769E55F2C4D60630079D6D8 /* Info.plist */ = {isa = PBXFileReference; lastKnownFileType = text.plist; path = Info.plist; sourceTree = "<group>"; };
		9769E5602C4D62550079D6D8 /* Colors.xcassets */ = {isa = PBXFileReference; lastKnownFileType = folder.assetcatalog; path = Colors.xcassets; sourceTree = "<group>"; };
		9769E5622C4D74D10079D6D8 /* OnboardingViewModel.swift */ = {isa = PBXFileReference; lastKnownFileType = sourcecode.swift; path = OnboardingViewModel.swift; sourceTree = "<group>"; };
		9769E5642C4D77620079D6D8 /* OnboardingStep.swift */ = {isa = PBXFileReference; lastKnownFileType = sourcecode.swift; path = OnboardingStep.swift; sourceTree = "<group>"; };
		9769E5672C4DA0420079D6D8 /* SplashView.swift */ = {isa = PBXFileReference; lastKnownFileType = sourcecode.swift; path = SplashView.swift; sourceTree = "<group>"; };
		979125BC2C4F3CED00B9C9C1 /* HeaderView.swift */ = {isa = PBXFileReference; lastKnownFileType = sourcecode.swift; path = HeaderView.swift; sourceTree = "<group>"; };
		97AFC4522C5036BA00FE8BC6 /* SignUpUsernameView.swift */ = {isa = PBXFileReference; lastKnownFileType = sourcecode.swift; path = SignUpUsernameView.swift; sourceTree = "<group>"; };
		97D2D6792C4FE8AA00D4DAAB /* SignUpEmailView.swift */ = {isa = PBXFileReference; lastKnownFileType = sourcecode.swift; path = SignUpEmailView.swift; sourceTree = "<group>"; };
		97D2D67B2C4FEAB100D4DAAB /* SignUpViewModel.swift */ = {isa = PBXFileReference; lastKnownFileType = sourcecode.swift; path = SignUpViewModel.swift; sourceTree = "<group>"; };
		97D2D67D2C501D5000D4DAAB /* SignUpPasswordView.swift */ = {isa = PBXFileReference; lastKnownFileType = sourcecode.swift; path = SignUpPasswordView.swift; sourceTree = "<group>"; };
		97EFA43C2C4E9C2800D0627B /* LoginAndSignUpView.swift */ = {isa = PBXFileReference; lastKnownFileType = sourcecode.swift; path = LoginAndSignUpView.swift; sourceTree = "<group>"; };
		97EFA43E2C4EA78200D0627B /* SignUpView.swift */ = {isa = PBXFileReference; lastKnownFileType = sourcecode.swift; path = SignUpView.swift; sourceTree = "<group>"; };
/* End PBXFileReference section */

/* Begin PBXFrameworksBuildPhase section */
		9769E4BC2C4C79600079D6D8 /* Frameworks */ = {
			isa = PBXFrameworksBuildPhase;
			buildActionMask = 2147483647;
			files = (
			);
			runOnlyForDeploymentPostprocessing = 0;
		};
		9769E4CC2C4C79620079D6D8 /* Frameworks */ = {
			isa = PBXFrameworksBuildPhase;
			buildActionMask = 2147483647;
			files = (
			);
			runOnlyForDeploymentPostprocessing = 0;
		};
		9769E4D62C4C79620079D6D8 /* Frameworks */ = {
			isa = PBXFrameworksBuildPhase;
			buildActionMask = 2147483647;
			files = (
			);
			runOnlyForDeploymentPostprocessing = 0;
		};
/* End PBXFrameworksBuildPhase section */

/* Begin PBXGroup section */
		9769E4B62C4C79600079D6D8 = {
			isa = PBXGroup;
			children = (
				9769E4C12C4C79600079D6D8 /* MyPokedex */,
				9769E4D22C4C79620079D6D8 /* MyPokedexTests */,
				9769E4DC2C4C79620079D6D8 /* MyPokedexUITests */,
				9769E4C02C4C79600079D6D8 /* Products */,
			);
			sourceTree = "<group>";
		};
		9769E4C02C4C79600079D6D8 /* Products */ = {
			isa = PBXGroup;
			children = (
				9769E4BF2C4C79600079D6D8 /* MyPokedex.app */,
				9769E4CF2C4C79620079D6D8 /* MyPokedexTests.xctest */,
				9769E4D92C4C79620079D6D8 /* MyPokedexUITests.xctest */,
			);
			name = Products;
			sourceTree = "<group>";
		};
		9769E4C12C4C79600079D6D8 /* MyPokedex */ = {
			isa = PBXGroup;
			children = (
				979125BB2C4F3CCB00B9C9C1 /* Header */,
				9769E56A2C4DB2030079D6D8 /* LoginAndSignUp */,
				9769E5692C4DB1FC0079D6D8 /* Onboarding */,
				9769E5662C4DA0320079D6D8 /* Splash */,
				9769E55F2C4D60630079D6D8 /* Info.plist */,
				9769E5452C4CB4AF0079D6D8 /* Utils */,
				9769E4C22C4C79600079D6D8 /* MyPokedexApp.swift */,
				9769E4C42C4C79600079D6D8 /* ContentView.swift */,
				9769E4C82C4C79620079D6D8 /* Preview Content */,
			);
			path = MyPokedex;
			sourceTree = "<group>";
		};
		9769E4C82C4C79620079D6D8 /* Preview Content */ = {
			isa = PBXGroup;
			children = (
				9769E4C92C4C79620079D6D8 /* Preview Assets.xcassets */,
			);
			path = "Preview Content";
			sourceTree = "<group>";
		};
		9769E4D22C4C79620079D6D8 /* MyPokedexTests */ = {
			isa = PBXGroup;
			children = (
				9769E4D32C4C79620079D6D8 /* MyPokedexTests.swift */,
			);
			path = MyPokedexTests;
			sourceTree = "<group>";
		};
		9769E4DC2C4C79620079D6D8 /* MyPokedexUITests */ = {
			isa = PBXGroup;
			children = (
				9769E4DD2C4C79620079D6D8 /* MyPokedexUITests.swift */,
				9769E4DF2C4C79620079D6D8 /* MyPokedexUITestsLaunchTests.swift */,
			);
			path = MyPokedexUITests;
			sourceTree = "<group>";
		};
		9769E5452C4CB4AF0079D6D8 /* Utils */ = {
			isa = PBXGroup;
			children = (
				9769E5572C4D5FFC0079D6D8 /* Poppins-Light.ttf */,
				9769E5592C4D5FFC0079D6D8 /* Poppins-Medium.ttf */,
				9769E5552C4D5FFC0079D6D8 /* Poppins-Bold.ttf */,
				9769E5562C4D5FFC0079D6D8 /* Poppins-Regular.ttf */,
				9769E5582C4D5FFC0079D6D8 /* Poppins-SemiBold.ttf */,
				9769E4C62C4C79620079D6D8 /* Assets.xcassets */,
				9769E5602C4D62550079D6D8 /* Colors.xcassets */,
			);
			path = Utils;
			sourceTree = "<group>";
		};
		9769E5662C4DA0320079D6D8 /* Splash */ = {
			isa = PBXGroup;
			children = (
				9769E5672C4DA0420079D6D8 /* SplashView.swift */,
			);
			path = Splash;
			sourceTree = "<group>";
		};
		9769E5692C4DB1FC0079D6D8 /* Onboarding */ = {
			isa = PBXGroup;
			children = (
				9769E56D2C4DB22E0079D6D8 /* Model */,
				9769E56C2C4DB2280079D6D8 /* ViewModel */,
				9769E56B2C4DB2220079D6D8 /* View */,
			);
			path = Onboarding;
			sourceTree = "<group>";
		};
		9769E56A2C4DB2030079D6D8 /* LoginAndSignUp */ = {
			isa = PBXGroup;
			children = (
				9769E5712C4DB2BA0079D6D8 /* ViewModel */,
				9769E5702C4DB2B50079D6D8 /* Model */,
				9769E56E2C4DB2970079D6D8 /* View */,
			);
			path = LoginAndSignUp;
			sourceTree = "<group>";
		};
		9769E56B2C4DB2220079D6D8 /* View */ = {
			isa = PBXGroup;
			children = (
				9769E5432C4CB2300079D6D8 /* OnboardingView.swift */,
			);
			path = View;
			sourceTree = "<group>";
		};
		9769E56C2C4DB2280079D6D8 /* ViewModel */ = {
			isa = PBXGroup;
			children = (
				9769E5622C4D74D10079D6D8 /* OnboardingViewModel.swift */,
			);
			path = ViewModel;
			sourceTree = "<group>";
		};
		9769E56D2C4DB22E0079D6D8 /* Model */ = {
			isa = PBXGroup;
			children = (
				9769E5642C4D77620079D6D8 /* OnboardingStep.swift */,
			);
			path = Model;
			sourceTree = "<group>";
		};
		9769E56E2C4DB2970079D6D8 /* View */ = {
			isa = PBXGroup;
			children = (
				97EFA43C2C4E9C2800D0627B /* LoginAndSignUpView.swift */,
				97EFA43E2C4EA78200D0627B /* SignUpView.swift */,
				97D2D6792C4FE8AA00D4DAAB /* SignUpEmailView.swift */,
				97D2D67D2C501D5000D4DAAB /* SignUpPasswordView.swift */,
				97AFC4522C5036BA00FE8BC6 /* SignUpUsernameView.swift */,
			);
			path = View;
			sourceTree = "<group>";
		};
		9769E5702C4DB2B50079D6D8 /* Model */ = {
			isa = PBXGroup;
			children = (
			);
			path = Model;
			sourceTree = "<group>";
		};
		9769E5712C4DB2BA0079D6D8 /* ViewModel */ = {
			isa = PBXGroup;
			children = (
				97D2D67B2C4FEAB100D4DAAB /* SignUpViewModel.swift */,
			);
			path = ViewModel;
			sourceTree = "<group>";
		};
		979125BB2C4F3CCB00B9C9C1 /* Header */ = {
			isa = PBXGroup;
			children = (
				979125BC2C4F3CED00B9C9C1 /* HeaderView.swift */,
			);
			path = Header;
			sourceTree = "<group>";
		};
/* End PBXGroup section */

/* Begin PBXNativeTarget section */
		9769E4BE2C4C79600079D6D8 /* MyPokedex */ = {
			isa = PBXNativeTarget;
			buildConfigurationList = 9769E4E32C4C79620079D6D8 /* Build configuration list for PBXNativeTarget "MyPokedex" */;
			buildPhases = (
				9769E4BB2C4C79600079D6D8 /* Sources */,
				9769E4BC2C4C79600079D6D8 /* Frameworks */,
				9769E4BD2C4C79600079D6D8 /* Resources */,
			);
			buildRules = (
			);
			dependencies = (
			);
			name = MyPokedex;
			productName = MyPokedex;
			productReference = 9769E4BF2C4C79600079D6D8 /* MyPokedex.app */;
			productType = "com.apple.product-type.application";
		};
		9769E4CE2C4C79620079D6D8 /* MyPokedexTests */ = {
			isa = PBXNativeTarget;
			buildConfigurationList = 9769E4E62C4C79620079D6D8 /* Build configuration list for PBXNativeTarget "MyPokedexTests" */;
			buildPhases = (
				9769E4CB2C4C79620079D6D8 /* Sources */,
				9769E4CC2C4C79620079D6D8 /* Frameworks */,
				9769E4CD2C4C79620079D6D8 /* Resources */,
			);
			buildRules = (
			);
			dependencies = (
				9769E4D12C4C79620079D6D8 /* PBXTargetDependency */,
			);
			name = MyPokedexTests;
			productName = MyPokedexTests;
			productReference = 9769E4CF2C4C79620079D6D8 /* MyPokedexTests.xctest */;
			productType = "com.apple.product-type.bundle.unit-test";
		};
		9769E4D82C4C79620079D6D8 /* MyPokedexUITests */ = {
			isa = PBXNativeTarget;
			buildConfigurationList = 9769E4E92C4C79620079D6D8 /* Build configuration list for PBXNativeTarget "MyPokedexUITests" */;
			buildPhases = (
				9769E4D52C4C79620079D6D8 /* Sources */,
				9769E4D62C4C79620079D6D8 /* Frameworks */,
				9769E4D72C4C79620079D6D8 /* Resources */,
			);
			buildRules = (
			);
			dependencies = (
				9769E4DB2C4C79620079D6D8 /* PBXTargetDependency */,
			);
			name = MyPokedexUITests;
			productName = MyPokedexUITests;
			productReference = 9769E4D92C4C79620079D6D8 /* MyPokedexUITests.xctest */;
			productType = "com.apple.product-type.bundle.ui-testing";
		};
/* End PBXNativeTarget section */

/* Begin PBXProject section */
		9769E4B72C4C79600079D6D8 /* Project object */ = {
			isa = PBXProject;
			attributes = {
				BuildIndependentTargetsInParallel = 1;
				LastSwiftUpdateCheck = 1540;
				LastUpgradeCheck = 1540;
				TargetAttributes = {
					9769E4BE2C4C79600079D6D8 = {
						CreatedOnToolsVersion = 15.4;
					};
					9769E4CE2C4C79620079D6D8 = {
						CreatedOnToolsVersion = 15.4;
						TestTargetID = 9769E4BE2C4C79600079D6D8;
					};
					9769E4D82C4C79620079D6D8 = {
						CreatedOnToolsVersion = 15.4;
						TestTargetID = 9769E4BE2C4C79600079D6D8;
					};
				};
			};
			buildConfigurationList = 9769E4BA2C4C79600079D6D8 /* Build configuration list for PBXProject "MyPokedex" */;
			compatibilityVersion = "Xcode 14.0";
			developmentRegion = en;
			hasScannedForEncodings = 0;
			knownRegions = (
				en,
				Base,
			);
			mainGroup = 9769E4B62C4C79600079D6D8;
			productRefGroup = 9769E4C02C4C79600079D6D8 /* Products */;
			projectDirPath = "";
			projectRoot = "";
			targets = (
				9769E4BE2C4C79600079D6D8 /* MyPokedex */,
				9769E4CE2C4C79620079D6D8 /* MyPokedexTests */,
				9769E4D82C4C79620079D6D8 /* MyPokedexUITests */,
			);
		};
/* End PBXProject section */

/* Begin PBXResourcesBuildPhase section */
		9769E4BD2C4C79600079D6D8 /* Resources */ = {
			isa = PBXResourcesBuildPhase;
			buildActionMask = 2147483647;
			files = (
				9769E4CA2C4C79620079D6D8 /* Preview Assets.xcassets in Resources */,
				9769E55E2C4D5FFC0079D6D8 /* Poppins-Medium.ttf in Resources */,
				9769E55C2C4D5FFC0079D6D8 /* Poppins-Light.ttf in Resources */,
				9769E55A2C4D5FFC0079D6D8 /* Poppins-Bold.ttf in Resources */,
				9769E55D2C4D5FFC0079D6D8 /* Poppins-SemiBold.ttf in Resources */,
				9769E5612C4D62550079D6D8 /* Colors.xcassets in Resources */,
				9769E4C72C4C79620079D6D8 /* Assets.xcassets in Resources */,
				9769E55B2C4D5FFC0079D6D8 /* Poppins-Regular.ttf in Resources */,
			);
			runOnlyForDeploymentPostprocessing = 0;
		};
		9769E4CD2C4C79620079D6D8 /* Resources */ = {
			isa = PBXResourcesBuildPhase;
			buildActionMask = 2147483647;
			files = (
			);
			runOnlyForDeploymentPostprocessing = 0;
		};
		9769E4D72C4C79620079D6D8 /* Resources */ = {
			isa = PBXResourcesBuildPhase;
			buildActionMask = 2147483647;
			files = (
			);
			runOnlyForDeploymentPostprocessing = 0;
		};
/* End PBXResourcesBuildPhase section */

/* Begin PBXSourcesBuildPhase section */
		9769E4BB2C4C79600079D6D8 /* Sources */ = {
			isa = PBXSourcesBuildPhase;
			buildActionMask = 2147483647;
			files = (
				9769E5442C4CB2300079D6D8 /* OnboardingView.swift in Sources */,
				97AFC4532C5036BA00FE8BC6 /* SignUpUsernameView.swift in Sources */,
				979125BD2C4F3CED00B9C9C1 /* HeaderView.swift in Sources */,
				9769E4C52C4C79600079D6D8 /* ContentView.swift in Sources */,
				9769E4C32C4C79600079D6D8 /* MyPokedexApp.swift in Sources */,
				9769E5652C4D77620079D6D8 /* OnboardingStep.swift in Sources */,
				97EFA43F2C4EA78200D0627B /* SignUpView.swift in Sources */,
				9769E5632C4D74D10079D6D8 /* OnboardingViewModel.swift in Sources */,
				97D2D67A2C4FE8AA00D4DAAB /* SignUpEmailView.swift in Sources */,
				97EFA43D2C4E9C2800D0627B /* LoginAndSignUpView.swift in Sources */,
				97D2D67C2C4FEAB100D4DAAB /* SignUpViewModel.swift in Sources */,
				9769E5682C4DA0420079D6D8 /* SplashView.swift in Sources */,
				97D2D67E2C501D5000D4DAAB /* SignUpPasswordView.swift in Sources */,
			);
			runOnlyForDeploymentPostprocessing = 0;
		};
		9769E4CB2C4C79620079D6D8 /* Sources */ = {
			isa = PBXSourcesBuildPhase;
			buildActionMask = 2147483647;
			files = (
				9769E4D42C4C79620079D6D8 /* MyPokedexTests.swift in Sources */,
			);
			runOnlyForDeploymentPostprocessing = 0;
		};
		9769E4D52C4C79620079D6D8 /* Sources */ = {
			isa = PBXSourcesBuildPhase;
			buildActionMask = 2147483647;
			files = (
				9769E4DE2C4C79620079D6D8 /* MyPokedexUITests.swift in Sources */,
				9769E4E02C4C79620079D6D8 /* MyPokedexUITestsLaunchTests.swift in Sources */,
			);
			runOnlyForDeploymentPostprocessing = 0;
		};
/* End PBXSourcesBuildPhase section */

/* Begin PBXTargetDependency section */
		9769E4D12C4C79620079D6D8 /* PBXTargetDependency */ = {
			isa = PBXTargetDependency;
			target = 9769E4BE2C4C79600079D6D8 /* MyPokedex */;
			targetProxy = 9769E4D02C4C79620079D6D8 /* PBXContainerItemProxy */;
		};
		9769E4DB2C4C79620079D6D8 /* PBXTargetDependency */ = {
			isa = PBXTargetDependency;
			target = 9769E4BE2C4C79600079D6D8 /* MyPokedex */;
			targetProxy = 9769E4DA2C4C79620079D6D8 /* PBXContainerItemProxy */;
		};
/* End PBXTargetDependency section */

/* Begin XCBuildConfiguration section */
		9769E4E12C4C79620079D6D8 /* Debug */ = {
			isa = XCBuildConfiguration;
			buildSettings = {
				ALWAYS_SEARCH_USER_PATHS = NO;
				ASSETCATALOG_COMPILER_GENERATE_SWIFT_ASSET_SYMBOL_EXTENSIONS = YES;
				CLANG_ANALYZER_NONNULL = YES;
				CLANG_ANALYZER_NUMBER_OBJECT_CONVERSION = YES_AGGRESSIVE;
				CLANG_CXX_LANGUAGE_STANDARD = "gnu++20";
				CLANG_ENABLE_MODULES = YES;
				CLANG_ENABLE_OBJC_ARC = YES;
				CLANG_ENABLE_OBJC_WEAK = YES;
				CLANG_WARN_BLOCK_CAPTURE_AUTORELEASING = YES;
				CLANG_WARN_BOOL_CONVERSION = YES;
				CLANG_WARN_COMMA = YES;
				CLANG_WARN_CONSTANT_CONVERSION = YES;
				CLANG_WARN_DEPRECATED_OBJC_IMPLEMENTATIONS = YES;
				CLANG_WARN_DIRECT_OBJC_ISA_USAGE = YES_ERROR;
				CLANG_WARN_DOCUMENTATION_COMMENTS = YES;
				CLANG_WARN_EMPTY_BODY = YES;
				CLANG_WARN_ENUM_CONVERSION = YES;
				CLANG_WARN_INFINITE_RECURSION = YES;
				CLANG_WARN_INT_CONVERSION = YES;
				CLANG_WARN_NON_LITERAL_NULL_CONVERSION = YES;
				CLANG_WARN_OBJC_IMPLICIT_RETAIN_SELF = YES;
				CLANG_WARN_OBJC_LITERAL_CONVERSION = YES;
				CLANG_WARN_OBJC_ROOT_CLASS = YES_ERROR;
				CLANG_WARN_QUOTED_INCLUDE_IN_FRAMEWORK_HEADER = YES;
				CLANG_WARN_RANGE_LOOP_ANALYSIS = YES;
				CLANG_WARN_STRICT_PROTOTYPES = YES;
				CLANG_WARN_SUSPICIOUS_MOVE = YES;
				CLANG_WARN_UNGUARDED_AVAILABILITY = YES_AGGRESSIVE;
				CLANG_WARN_UNREACHABLE_CODE = YES;
				CLANG_WARN__DUPLICATE_METHOD_MATCH = YES;
				COPY_PHASE_STRIP = NO;
				DEBUG_INFORMATION_FORMAT = dwarf;
				ENABLE_STRICT_OBJC_MSGSEND = YES;
				ENABLE_TESTABILITY = YES;
				ENABLE_USER_SCRIPT_SANDBOXING = YES;
				GCC_C_LANGUAGE_STANDARD = gnu17;
				GCC_DYNAMIC_NO_PIC = NO;
				GCC_NO_COMMON_BLOCKS = YES;
				GCC_OPTIMIZATION_LEVEL = 0;
				GCC_PREPROCESSOR_DEFINITIONS = (
					"DEBUG=1",
					"$(inherited)",
				);
				GCC_WARN_64_TO_32_BIT_CONVERSION = YES;
				GCC_WARN_ABOUT_RETURN_TYPE = YES_ERROR;
				GCC_WARN_UNDECLARED_SELECTOR = YES;
				GCC_WARN_UNINITIALIZED_AUTOS = YES_AGGRESSIVE;
				GCC_WARN_UNUSED_FUNCTION = YES;
				GCC_WARN_UNUSED_VARIABLE = YES;
				IPHONEOS_DEPLOYMENT_TARGET = 17.5;
				LOCALIZATION_PREFERS_STRING_CATALOGS = YES;
				MTL_ENABLE_DEBUG_INFO = INCLUDE_SOURCE;
				MTL_FAST_MATH = YES;
				ONLY_ACTIVE_ARCH = YES;
				SDKROOT = iphoneos;
				SWIFT_ACTIVE_COMPILATION_CONDITIONS = "DEBUG $(inherited)";
				SWIFT_OPTIMIZATION_LEVEL = "-Onone";
			};
			name = Debug;
		};
		9769E4E22C4C79620079D6D8 /* Release */ = {
			isa = XCBuildConfiguration;
			buildSettings = {
				ALWAYS_SEARCH_USER_PATHS = NO;
				ASSETCATALOG_COMPILER_GENERATE_SWIFT_ASSET_SYMBOL_EXTENSIONS = YES;
				CLANG_ANALYZER_NONNULL = YES;
				CLANG_ANALYZER_NUMBER_OBJECT_CONVERSION = YES_AGGRESSIVE;
				CLANG_CXX_LANGUAGE_STANDARD = "gnu++20";
				CLANG_ENABLE_MODULES = YES;
				CLANG_ENABLE_OBJC_ARC = YES;
				CLANG_ENABLE_OBJC_WEAK = YES;
				CLANG_WARN_BLOCK_CAPTURE_AUTORELEASING = YES;
				CLANG_WARN_BOOL_CONVERSION = YES;
				CLANG_WARN_COMMA = YES;
				CLANG_WARN_CONSTANT_CONVERSION = YES;
				CLANG_WARN_DEPRECATED_OBJC_IMPLEMENTATIONS = YES;
				CLANG_WARN_DIRECT_OBJC_ISA_USAGE = YES_ERROR;
				CLANG_WARN_DOCUMENTATION_COMMENTS = YES;
				CLANG_WARN_EMPTY_BODY = YES;
				CLANG_WARN_ENUM_CONVERSION = YES;
				CLANG_WARN_INFINITE_RECURSION = YES;
				CLANG_WARN_INT_CONVERSION = YES;
				CLANG_WARN_NON_LITERAL_NULL_CONVERSION = YES;
				CLANG_WARN_OBJC_IMPLICIT_RETAIN_SELF = YES;
				CLANG_WARN_OBJC_LITERAL_CONVERSION = YES;
				CLANG_WARN_OBJC_ROOT_CLASS = YES_ERROR;
				CLANG_WARN_QUOTED_INCLUDE_IN_FRAMEWORK_HEADER = YES;
				CLANG_WARN_RANGE_LOOP_ANALYSIS = YES;
				CLANG_WARN_STRICT_PROTOTYPES = YES;
				CLANG_WARN_SUSPICIOUS_MOVE = YES;
				CLANG_WARN_UNGUARDED_AVAILABILITY = YES_AGGRESSIVE;
				CLANG_WARN_UNREACHABLE_CODE = YES;
				CLANG_WARN__DUPLICATE_METHOD_MATCH = YES;
				COPY_PHASE_STRIP = NO;
				DEBUG_INFORMATION_FORMAT = "dwarf-with-dsym";
				ENABLE_NS_ASSERTIONS = NO;
				ENABLE_STRICT_OBJC_MSGSEND = YES;
				ENABLE_USER_SCRIPT_SANDBOXING = YES;
				GCC_C_LANGUAGE_STANDARD = gnu17;
				GCC_NO_COMMON_BLOCKS = YES;
				GCC_WARN_64_TO_32_BIT_CONVERSION = YES;
				GCC_WARN_ABOUT_RETURN_TYPE = YES_ERROR;
				GCC_WARN_UNDECLARED_SELECTOR = YES;
				GCC_WARN_UNINITIALIZED_AUTOS = YES_AGGRESSIVE;
				GCC_WARN_UNUSED_FUNCTION = YES;
				GCC_WARN_UNUSED_VARIABLE = YES;
				IPHONEOS_DEPLOYMENT_TARGET = 17.5;
				LOCALIZATION_PREFERS_STRING_CATALOGS = YES;
				MTL_ENABLE_DEBUG_INFO = NO;
				MTL_FAST_MATH = YES;
				SDKROOT = iphoneos;
				SWIFT_COMPILATION_MODE = wholemodule;
				VALIDATE_PRODUCT = YES;
			};
			name = Release;
		};
		9769E4E42C4C79620079D6D8 /* Debug */ = {
			isa = XCBuildConfiguration;
			buildSettings = {
				ASSETCATALOG_COMPILER_APPICON_NAME = AppIcon;
				ASSETCATALOG_COMPILER_GLOBAL_ACCENT_COLOR_NAME = AccentColor;
				CODE_SIGN_STYLE = Automatic;
				CURRENT_PROJECT_VERSION = 1;
				DEVELOPMENT_ASSET_PATHS = "\"MyPokedex/Preview Content\"";
				ENABLE_PREVIEWS = YES;
				GENERATE_INFOPLIST_FILE = YES;
				INFOPLIST_FILE = MyPokedex/Info.plist;
				INFOPLIST_KEY_UIApplicationSceneManifest_Generation = YES;
				INFOPLIST_KEY_UIApplicationSupportsIndirectInputEvents = YES;
				INFOPLIST_KEY_UILaunchScreen_Generation = YES;
				INFOPLIST_KEY_UISupportedInterfaceOrientations_iPad = "UIInterfaceOrientationPortrait UIInterfaceOrientationPortraitUpsideDown UIInterfaceOrientationLandscapeLeft UIInterfaceOrientationLandscapeRight";
				INFOPLIST_KEY_UISupportedInterfaceOrientations_iPhone = "UIInterfaceOrientationPortrait UIInterfaceOrientationLandscapeLeft UIInterfaceOrientationLandscapeRight";
				LD_RUNPATH_SEARCH_PATHS = (
					"$(inherited)",
					"@executable_path/Frameworks",
				);
				MARKETING_VERSION = 1.0;
				PRODUCT_BUNDLE_IDENTIFIER = co.maycondouglas.MyPokedex;
				PRODUCT_NAME = "$(TARGET_NAME)";
				SWIFT_EMIT_LOC_STRINGS = YES;
				SWIFT_VERSION = 5.0;
				TARGETED_DEVICE_FAMILY = "1,2";
			};
			name = Debug;
		};
		9769E4E52C4C79620079D6D8 /* Release */ = {
			isa = XCBuildConfiguration;
			buildSettings = {
				ASSETCATALOG_COMPILER_APPICON_NAME = AppIcon;
				ASSETCATALOG_COMPILER_GLOBAL_ACCENT_COLOR_NAME = AccentColor;
				CODE_SIGN_STYLE = Automatic;
				CURRENT_PROJECT_VERSION = 1;
				DEVELOPMENT_ASSET_PATHS = "\"MyPokedex/Preview Content\"";
				ENABLE_PREVIEWS = YES;
				GENERATE_INFOPLIST_FILE = YES;
				INFOPLIST_FILE = MyPokedex/Info.plist;
				INFOPLIST_KEY_UIApplicationSceneManifest_Generation = YES;
				INFOPLIST_KEY_UIApplicationSupportsIndirectInputEvents = YES;
				INFOPLIST_KEY_UILaunchScreen_Generation = YES;
				INFOPLIST_KEY_UISupportedInterfaceOrientations_iPad = "UIInterfaceOrientationPortrait UIInterfaceOrientationPortraitUpsideDown UIInterfaceOrientationLandscapeLeft UIInterfaceOrientationLandscapeRight";
				INFOPLIST_KEY_UISupportedInterfaceOrientations_iPhone = "UIInterfaceOrientationPortrait UIInterfaceOrientationLandscapeLeft UIInterfaceOrientationLandscapeRight";
				LD_RUNPATH_SEARCH_PATHS = (
					"$(inherited)",
					"@executable_path/Frameworks",
				);
				MARKETING_VERSION = 1.0;
				PRODUCT_BUNDLE_IDENTIFIER = co.maycondouglas.MyPokedex;
				PRODUCT_NAME = "$(TARGET_NAME)";
				SWIFT_EMIT_LOC_STRINGS = YES;
				SWIFT_VERSION = 5.0;
				TARGETED_DEVICE_FAMILY = "1,2";
			};
			name = Release;
		};
		9769E4E72C4C79620079D6D8 /* Debug */ = {
			isa = XCBuildConfiguration;
			buildSettings = {
				ALWAYS_EMBED_SWIFT_STANDARD_LIBRARIES = YES;
				BUNDLE_LOADER = "$(TEST_HOST)";
				CODE_SIGN_STYLE = Automatic;
				CURRENT_PROJECT_VERSION = 1;
				GENERATE_INFOPLIST_FILE = YES;
				IPHONEOS_DEPLOYMENT_TARGET = 17.5;
				MARKETING_VERSION = 1.0;
				PRODUCT_BUNDLE_IDENTIFIER = co.maycondouglas.MyPokedexTests;
				PRODUCT_NAME = "$(TARGET_NAME)";
				SWIFT_EMIT_LOC_STRINGS = NO;
				SWIFT_VERSION = 5.0;
				TARGETED_DEVICE_FAMILY = "1,2";
				TEST_HOST = "$(BUILT_PRODUCTS_DIR)/MyPokedex.app/$(BUNDLE_EXECUTABLE_FOLDER_PATH)/MyPokedex";
			};
			name = Debug;
		};
		9769E4E82C4C79620079D6D8 /* Release */ = {
			isa = XCBuildConfiguration;
			buildSettings = {
				ALWAYS_EMBED_SWIFT_STANDARD_LIBRARIES = YES;
				BUNDLE_LOADER = "$(TEST_HOST)";
				CODE_SIGN_STYLE = Automatic;
				CURRENT_PROJECT_VERSION = 1;
				GENERATE_INFOPLIST_FILE = YES;
				IPHONEOS_DEPLOYMENT_TARGET = 17.5;
				MARKETING_VERSION = 1.0;
				PRODUCT_BUNDLE_IDENTIFIER = co.maycondouglas.MyPokedexTests;
				PRODUCT_NAME = "$(TARGET_NAME)";
				SWIFT_EMIT_LOC_STRINGS = NO;
				SWIFT_VERSION = 5.0;
				TARGETED_DEVICE_FAMILY = "1,2";
				TEST_HOST = "$(BUILT_PRODUCTS_DIR)/MyPokedex.app/$(BUNDLE_EXECUTABLE_FOLDER_PATH)/MyPokedex";
			};
			name = Release;
		};
		9769E4EA2C4C79620079D6D8 /* Debug */ = {
			isa = XCBuildConfiguration;
			buildSettings = {
				ALWAYS_EMBED_SWIFT_STANDARD_LIBRARIES = YES;
				CODE_SIGN_STYLE = Automatic;
				CURRENT_PROJECT_VERSION = 1;
				GENERATE_INFOPLIST_FILE = YES;
				MARKETING_VERSION = 1.0;
				PRODUCT_BUNDLE_IDENTIFIER = co.maycondouglas.MyPokedexUITests;
				PRODUCT_NAME = "$(TARGET_NAME)";
				SWIFT_EMIT_LOC_STRINGS = NO;
				SWIFT_VERSION = 5.0;
				TARGETED_DEVICE_FAMILY = "1,2";
				TEST_TARGET_NAME = MyPokedex;
			};
			name = Debug;
		};
		9769E4EB2C4C79620079D6D8 /* Release */ = {
			isa = XCBuildConfiguration;
			buildSettings = {
				ALWAYS_EMBED_SWIFT_STANDARD_LIBRARIES = YES;
				CODE_SIGN_STYLE = Automatic;
				CURRENT_PROJECT_VERSION = 1;
				GENERATE_INFOPLIST_FILE = YES;
				MARKETING_VERSION = 1.0;
				PRODUCT_BUNDLE_IDENTIFIER = co.maycondouglas.MyPokedexUITests;
				PRODUCT_NAME = "$(TARGET_NAME)";
				SWIFT_EMIT_LOC_STRINGS = NO;
				SWIFT_VERSION = 5.0;
				TARGETED_DEVICE_FAMILY = "1,2";
				TEST_TARGET_NAME = MyPokedex;
			};
			name = Release;
		};
/* End XCBuildConfiguration section */

/* Begin XCConfigurationList section */
		9769E4BA2C4C79600079D6D8 /* Build configuration list for PBXProject "MyPokedex" */ = {
			isa = XCConfigurationList;
			buildConfigurations = (
				9769E4E12C4C79620079D6D8 /* Debug */,
				9769E4E22C4C79620079D6D8 /* Release */,
			);
			defaultConfigurationIsVisible = 0;
			defaultConfigurationName = Release;
		};
		9769E4E32C4C79620079D6D8 /* Build configuration list for PBXNativeTarget "MyPokedex" */ = {
			isa = XCConfigurationList;
			buildConfigurations = (
				9769E4E42C4C79620079D6D8 /* Debug */,
				9769E4E52C4C79620079D6D8 /* Release */,
			);
			defaultConfigurationIsVisible = 0;
			defaultConfigurationName = Release;
		};
		9769E4E62C4C79620079D6D8 /* Build configuration list for PBXNativeTarget "MyPokedexTests" */ = {
			isa = XCConfigurationList;
			buildConfigurations = (
				9769E4E72C4C79620079D6D8 /* Debug */,
				9769E4E82C4C79620079D6D8 /* Release */,
			);
			defaultConfigurationIsVisible = 0;
			defaultConfigurationName = Release;
		};
		9769E4E92C4C79620079D6D8 /* Build configuration list for PBXNativeTarget "MyPokedexUITests" */ = {
			isa = XCConfigurationList;
			buildConfigurations = (
				9769E4EA2C4C79620079D6D8 /* Debug */,
				9769E4EB2C4C79620079D6D8 /* Release */,
			);
			defaultConfigurationIsVisible = 0;
			defaultConfigurationName = Release;
		};
/* End XCConfigurationList section */
	};
	rootObject = 9769E4B72C4C79600079D6D8 /* Project object */;
}
